
Microsoft Visual Studio Solution File, Format Version 12.00
# Visual Studio Version 17
VisualStudioVersion = 17.3.32929.385
MinimumVisualStudioVersion = 10.0.40219.1
Project("{9A19103F-16F7-4668-BE54-9A1E7A4F7556}") = "01_Intro", "CSharpLessons\01_Intro.csproj", "{6E8223F5-9C1E-408E-AAD6-B4238232ED12}"
EndProject
Project("{9A19103F-16F7-4668-BE54-9A1E7A4F7556}") = "02_String", "02_String\02_String.csproj", "{F9ABA5C7-7658-46E4-B0B1-369C63F6B89E}"
EndProject
Project("{9A19103F-16F7-4668-BE54-9A1E7A4F7556}") = "03_Array", "03_Array\03_Array.csproj", "{0BF38966-0F7B-4DB8-833B-78DE4933E12E}"
EndProject
Project("{9A19103F-16F7-4668-BE54-9A1E7A4F7556}") = "04_IntroToOOP", "04_IntroToOOP\04_IntroToOOP.csproj", "{F64A2673-E55C-4030-B68B-4DF93CFDFB47}"
EndProject
Project("{9A19103F-16F7-4668-BE54-9A1E7A4F7556}") = "05_StringBuilder", "05_StringBuilder\05_StringBuilder.csproj", "{E7A3BC34-8F00-45A0-B4BA-5AF8A1F33B4D}"
EndProject
Project("{9A19103F-16F7-4668-BE54-9A1E7A4F7556}") = "06_Ref_Out", "06_Ref_Out\06_Ref_Out.csproj", "{05200D13-DB6A-420E-82E8-0B4E94CE62FE}"
EndProject
Project("{9A19103F-16F7-4668-BE54-9A1E7A4F7556}") = "07_OverloadOperators", "07_OverloadOperators\07_OverloadOperators.csproj", "{344E23EF-5D1F-4F16-BE24-72B08B40C76C}"
EndProject
Project("{9A19103F-16F7-4668-BE54-9A1E7A4F7556}") = "08_Indexer", "08_Indexer\08_Indexer.csproj", "{E2594349-EE73-4B35-AE80-47FC9927730D}"
EndProject
Project("{9A19103F-16F7-4668-BE54-9A1E7A4F7556}") = "09_Inheritance", "09_Inheritance\09_Inheritance.csproj", "{9ED29A8E-E285-4847-90A4-4C8CFB6CFF2B}"
EndProject
Project("{9A19103F-16F7-4668-BE54-9A1E7A4F7556}") = "10_OwnInterfaces", "10_OwnInterfaces\10_OwnInterfaces.csproj", "{70EA3568-2B2E-4CF4-B61B-88EBCB736FD9}"
EndProject
Project("{9A19103F-16F7-4668-BE54-9A1E7A4F7556}") = "11_IndexerInterfaceInheritance", "11_IndexerInterfaceInheritance\11_IndexerInterfaceInheritance.csproj", "{87FEC3B1-DF03-4284-87B8-2148A4AA8559}"
EndProject
Global
	GlobalSection(SolutionConfigurationPlatforms) = preSolution
		Debug|Any CPU = Debug|Any CPU
		Release|Any CPU = Release|Any CPU
	EndGlobalSection
	GlobalSection(ProjectConfigurationPlatforms) = postSolution
		{6E8223F5-9C1E-408E-AAD6-B4238232ED12}.Debug|Any CPU.ActiveCfg = Debug|Any CPU
		{6E8223F5-9C1E-408E-AAD6-B4238232ED12}.Debug|Any CPU.Build.0 = Debug|Any CPU
		{6E8223F5-9C1E-408E-AAD6-B4238232ED12}.Release|Any CPU.ActiveCfg = Release|Any CPU
		{6E8223F5-9C1E-408E-AAD6-B4238232ED12}.Release|Any CPU.Build.0 = Release|Any CPU
		{F9ABA5C7-7658-46E4-B0B1-369C63F6B89E}.Debug|Any CPU.ActiveCfg = Debug|Any CPU
		{F9ABA5C7-7658-46E4-B0B1-369C63F6B89E}.Debug|Any CPU.Build.0 = Debug|Any CPU
		{F9ABA5C7-7658-46E4-B0B1-369C63F6B89E}.Release|Any CPU.ActiveCfg = Release|Any CPU
		{F9ABA5C7-7658-46E4-B0B1-369C63F6B89E}.Release|Any CPU.Build.0 = Release|Any CPU
		{0BF38966-0F7B-4DB8-833B-78DE4933E12E}.Debug|Any CPU.ActiveCfg = Debug|Any CPU
		{0BF38966-0F7B-4DB8-833B-78DE4933E12E}.Debug|Any CPU.Build.0 = Debug|Any CPU
		{0BF38966-0F7B-4DB8-833B-78DE4933E12E}.Release|Any CPU.ActiveCfg = Release|Any CPU
		{0BF38966-0F7B-4DB8-833B-78DE4933E12E}.Release|Any CPU.Build.0 = Release|Any CPU
		{F64A2673-E55C-4030-B68B-4DF93CFDFB47}.Debug|Any CPU.ActiveCfg = Debug|Any CPU
		{F64A2673-E55C-4030-B68B-4DF93CFDFB47}.Debug|Any CPU.Build.0 = Debug|Any CPU
		{F64A2673-E55C-4030-B68B-4DF93CFDFB47}.Release|Any CPU.ActiveCfg = Release|Any CPU
		{F64A2673-E55C-4030-B68B-4DF93CFDFB47}.Release|Any CPU.Build.0 = Release|Any CPU
		{E7A3BC34-8F00-45A0-B4BA-5AF8A1F33B4D}.Debug|Any CPU.ActiveCfg = Debug|Any CPU
		{E7A3BC34-8F00-45A0-B4BA-5AF8A1F33B4D}.Debug|Any CPU.Build.0 = Debug|Any CPU
		{E7A3BC34-8F00-45A0-B4BA-5AF8A1F33B4D}.Release|Any CPU.ActiveCfg = Release|Any CPU
		{E7A3BC34-8F00-45A0-B4BA-5AF8A1F33B4D}.Release|Any CPU.Build.0 = Release|Any CPU
		{05200D13-DB6A-420E-82E8-0B4E94CE62FE}.Debug|Any CPU.ActiveCfg = Debug|Any CPU
		{05200D13-DB6A-420E-82E8-0B4E94CE62FE}.Debug|Any CPU.Build.0 = Debug|Any CPU
		{05200D13-DB6A-420E-82E8-0B4E94CE62FE}.Release|Any CPU.ActiveCfg = Release|Any CPU
		{05200D13-DB6A-420E-82E8-0B4E94CE62FE}.Release|Any CPU.Build.0 = Release|Any CPU
		{344E23EF-5D1F-4F16-BE24-72B08B40C76C}.Debug|Any CPU.ActiveCfg = Debug|Any CPU
		{344E23EF-5D1F-4F16-BE24-72B08B40C76C}.Debug|Any CPU.Build.0 = Debug|Any CPU
		{344E23EF-5D1F-4F16-BE24-72B08B40C76C}.Release|Any CPU.ActiveCfg = Release|Any CPU
		{344E23EF-5D1F-4F16-BE24-72B08B40C76C}.Release|Any CPU.Build.0 = Release|Any CPU
		{E2594349-EE73-4B35-AE80-47FC9927730D}.Debug|Any CPU.ActiveCfg = Debug|Any CPU
		{E2594349-EE73-4B35-AE80-47FC9927730D}.Debug|Any CPU.Build.0 = Debug|Any CPU
		{E2594349-EE73-4B35-AE80-47FC9927730D}.Release|Any CPU.ActiveCfg = Release|Any CPU
		{E2594349-EE73-4B35-AE80-47FC9927730D}.Release|Any CPU.Build.0 = Release|Any CPU
		{9ED29A8E-E285-4847-90A4-4C8CFB6CFF2B}.Debug|Any CPU.ActiveCfg = Debug|Any CPU
		{9ED29A8E-E285-4847-90A4-4C8CFB6CFF2B}.Debug|Any CPU.Build.0 = Debug|Any CPU
		{9ED29A8E-E285-4847-90A4-4C8CFB6CFF2B}.Release|Any CPU.ActiveCfg = Release|Any CPU
		{9ED29A8E-E285-4847-90A4-4C8CFB6CFF2B}.Release|Any CPU.Build.0 = Release|Any CPU
		{70EA3568-2B2E-4CF4-B61B-88EBCB736FD9}.Debug|Any CPU.ActiveCfg = Debug|Any CPU
		{70EA3568-2B2E-4CF4-B61B-88EBCB736FD9}.Debug|Any CPU.Build.0 = Debug|Any CPU
		{70EA3568-2B2E-4CF4-B61B-88EBCB736FD9}.Release|Any CPU.ActiveCfg = Release|Any CPU
		{70EA3568-2B2E-4CF4-B61B-88EBCB736FD9}.Release|Any CPU.Build.0 = Release|Any CPU
		{87FEC3B1-DF03-4284-87B8-2148A4AA8559}.Debug|Any CPU.ActiveCfg = Debug|Any CPU
		{87FEC3B1-DF03-4284-87B8-2148A4AA8559}.Debug|Any CPU.Build.0 = Debug|Any CPU
		{87FEC3B1-DF03-4284-87B8-2148A4AA8559}.Release|Any CPU.ActiveCfg = Release|Any CPU
		{87FEC3B1-DF03-4284-87B8-2148A4AA8559}.Release|Any CPU.Build.0 = Release|Any CPU
	EndGlobalSection
	GlobalSection(SolutionProperties) = preSolution
		HideSolutionNode = FALSE
	EndGlobalSection
	GlobalSection(ExtensibilityGlobals) = postSolution
		SolutionGuid = {8E469AAA-1F48-4874-8F26-DD22C360F308}
	EndGlobalSection
EndGlobal
